PODS:
  - GCDWebServer (3.5.4):
    - GCDWebServer/Core (= 3.5.4)
  - GCDWebServer/Core (3.5.4)
  - IQKeyboardManagerSwift (6.5.16)
  - SnapKit (5.6.0)
  - SwiftProtobuf (1.38.1)

DEPENDENCIES:
  - GCDWebServer (~> 3.5)
  - IQKeyboardManagerSwift (= 6.5.16)
  - SnapKit (= 5.6.0)
  - SwiftProtobuf (= 1.38.1)

SPEC REPOS:
  trunk:
    - GCDWebServer
    - IQKeyboardManagerSwift
    - SnapKit
    - SwiftProtobuf

SPEC CHECKSUMS:
  GCDWebServer: 2c156a56c8226e2d5c0c3f208a3621ccffbe3ce4
  IQKeyboardManagerSwift: 12d89768845bb77b55cc092ecc2b1f9370f06b76
  SnapKit: e01d52ebb8ddbc333eefe2132acf85c8227d9c25
  SwiftProtobuf: 409d3aaec90e51b1705b1dd8065b56893450e77c

PODFILE CHECKSUM: 50208baacfec8c09529bfe93b0d09524d645b689

COCOAPODS: 1.16.2
